
Microsoft Visual Studio Solution File, Format Version 12.00
# Visual Studio Version 17
VisualStudioVersion = 17.0.31903.59
MinimumVisualStudioVersion = 10.0.40219.1
Project("{FAE04EC0-301F-11D3-BF4B-00C04F79EFBC}") = "Delta", "Delta\Delta.csproj", "{2E18F3D1-03C8-4062-A914-7BD4BC63F56D}"
EndProject
Project("{FAE04EC0-301F-11D3-BF4B-00C04F79EFBC}") = "Delta.Tests", "Delta.Tests\Delta.Tests.csproj", "{0F635030-CA33-4A43-B7AD-02312AC92559}"
EndProject
Global
	GlobalSection(SolutionConfigurationPlatforms) = preSolution
		Debug|Any CPU = Debug|Any CPU
		Release|Any CPU = Release|Any CPU
	EndGlobalSection
	GlobalSection(SolutionProperties) = preSolution
		HideSolutionNode = FALSE
	EndGlobalSection
	GlobalSection(ProjectConfigurationPlatforms) = postSolution
		{2E18F3D1-03C8-4062-A914-7BD4BC63F56D}.Debug|Any CPU.ActiveCfg = Debug|Any CPU
		{2E18F3D1-03C8-4062-A914-7BD4BC63F56D}.Debug|Any CPU.Build.0 = Debug|Any CPU
		{2E18F3D1-03C8-4062-A914-7BD4BC63F56D}.Release|Any CPU.ActiveCfg = Release|Any CPU
		{2E18F3D1-03C8-4062-A914-7BD4BC63F56D}.Release|Any CPU.Build.0 = Release|Any CPU
		{0F635030-CA33-4A43-B7AD-02312AC92559}.Debug|Any CPU.ActiveCfg = Debug|Any CPU
		{0F635030-CA33-4A43-B7AD-02312AC92559}.Debug|Any CPU.Build.0 = Debug|Any CPU
		{0F635030-CA33-4A43-B7AD-02312AC92559}.Release|Any CPU.ActiveCfg = Release|Any CPU
		{0F635030-CA33-4A43-B7AD-02312AC92559}.Release|Any CPU.Build.0 = Release|Any CPU
	EndGlobalSection
EndGlobal
